<Solution>
  <Folder Name="/src/">
    <Project Path="src/StarlightExporter.Cli/StarlightExporter.Cli.csproj" />
    <Project Path="src/StarlightExporter.Mapping/StarlightExporter.Mapping.csproj" />
    <Project Path="src/StarlightExporter.Persistence/StarlightExporter.Persistence.csproj" />
    <Project Path="src/StarlightExporter.Snapshot/StarlightExporter.Snapshot.csproj" />
  </Folder>
  <Folder Name="/tests/">
    <Project Path="tests/StarlightExporter.Tests/StarlightExporter.Tests.csproj" />
  </Folder>
</Solution>
